
Microsoft Visual Studio Solution File, Format Version 12.00
# Visual Studio Version 16
VisualStudioVersion = 16.0.29509.3
MinimumVisualStudioVersion = 10.0.40219.1
Project("{2150E333-8FDC-42A3-9474-1A3956D46DE8}") = "Solution Items", "Solution Items", "{AA724DA7-F251-4EAA-B72D-BE8F6C50A022}"
	ProjectSection(SolutionItems) = preProject
		.gitignore = .gitignore
		LICENSE = LICENSE
		README.md = README.md
	EndProjectSection
EndProject
Project("{9A19103F-16F7-4668-BE54-9A1E7A4F7556}") = "CSharpLibrary", "CSharpLibrary\CSharpLibrary.csproj", "{60D1AD19-DC45-40C6-9626-0D7B25382E3B}"
EndProject
Project("{9A19103F-16F7-4668-BE54-9A1E7A4F7556}") = "CSharpTests", "CSharpTests\CSharpTests.csproj", "{1C8D04B8-6620-44C1-9FA0-E9E49F4DCFB9}"
EndProject
Project("{6EC3EE1D-3C4E-46DD-8F32-0CC8E7565705}") = "FSharpLibrary", "FSharpLibrary\FSharpLibrary.fsproj", "{7CD6932D-52D2-444A-B8C1-B55EA69073B5}"
EndProject
Project("{F2A71F9B-5D33-465A-A702-920D77279786}") = "FSharpTests", "FSharpTests\FSharpTests.fsproj", "{CF8A489A-969C-4546-B0BE-0CE4AAC9F21B}"
EndProject
Global
	GlobalSection(SolutionConfigurationPlatforms) = preSolution
		Debug|Any CPU = Debug|Any CPU
		Release|Any CPU = Release|Any CPU
	EndGlobalSection
	GlobalSection(ProjectConfigurationPlatforms) = postSolution
		{60D1AD19-DC45-40C6-9626-0D7B25382E3B}.Debug|Any CPU.ActiveCfg = Debug|Any CPU
		{60D1AD19-DC45-40C6-9626-0D7B25382E3B}.Debug|Any CPU.Build.0 = Debug|Any CPU
		{60D1AD19-DC45-40C6-9626-0D7B25382E3B}.Release|Any CPU.ActiveCfg = Release|Any CPU
		{60D1AD19-DC45-40C6-9626-0D7B25382E3B}.Release|Any CPU.Build.0 = Release|Any CPU
		{1C8D04B8-6620-44C1-9FA0-E9E49F4DCFB9}.Debug|Any CPU.ActiveCfg = Debug|Any CPU
		{1C8D04B8-6620-44C1-9FA0-E9E49F4DCFB9}.Debug|Any CPU.Build.0 = Debug|Any CPU
		{1C8D04B8-6620-44C1-9FA0-E9E49F4DCFB9}.Release|Any CPU.ActiveCfg = Release|Any CPU
		{1C8D04B8-6620-44C1-9FA0-E9E49F4DCFB9}.Release|Any CPU.Build.0 = Release|Any CPU
		{7CD6932D-52D2-444A-B8C1-B55EA69073B5}.Debug|Any CPU.ActiveCfg = Debug|Any CPU
		{7CD6932D-52D2-444A-B8C1-B55EA69073B5}.Debug|Any CPU.Build.0 = Debug|Any CPU
		{7CD6932D-52D2-444A-B8C1-B55EA69073B5}.Release|Any CPU.ActiveCfg = Release|Any CPU
		{7CD6932D-52D2-444A-B8C1-B55EA69073B5}.Release|Any CPU.Build.0 = Release|Any CPU
		{CF8A489A-969C-4546-B0BE-0CE4AAC9F21B}.Debug|Any CPU.ActiveCfg = Debug|Any CPU
		{CF8A489A-969C-4546-B0BE-0CE4AAC9F21B}.Debug|Any CPU.Build.0 = Debug|Any CPU
		{CF8A489A-969C-4546-B0BE-0CE4AAC9F21B}.Release|Any CPU.ActiveCfg = Release|Any CPU
		{CF8A489A-969C-4546-B0BE-0CE4AAC9F21B}.Release|Any CPU.Build.0 = Release|Any CPU
	EndGlobalSection
	GlobalSection(SolutionProperties) = preSolution
		HideSolutionNode = FALSE
	EndGlobalSection
	GlobalSection(ExtensibilityGlobals) = postSolution
		SolutionGuid = {889C2623-EDF5-4878-82BF-E2AE5CA67875}
	EndGlobalSection
EndGlobal
